{
  "version": "4",
  "specifiers": {
    "npm:@skeletonlabs/skeleton-svelte@^1.0.0-next.22": "1.2.3_svelte@5.33.1__acorn@8.14.0",
    "npm:@skeletonlabs/skeleton@^3.0.0-next.13": "3.1.3_tailwindcss@4.1.7",
    "npm:@sveltejs/adapter-auto@3": "3.3.1_@sveltejs+kit@2.7.3__@sveltejs+vite-plugin-svelte@4.0.0___svelte@5.1.6____acorn@8.14.0___vite@5.4.10__svelte@5.1.6___acorn@8.14.0__vite@5.4.10_@sveltejs+vite-plugin-svelte@4.0.0__svelte@5.1.6___acorn@8.14.0__vite@5.4.10_svelte@5.1.6__acorn@8.14.0_vite@5.4.10",
    "npm:@sveltejs/adapter-static@3": "3.0.8_@sveltejs+kit@2.7.3__@sveltejs+vite-plugin-svelte@4.0.0___svelte@5.1.6____acorn@8.14.0___vite@5.4.10__svelte@5.1.6___acorn@8.14.0__vite@5.4.10_@sveltejs+vite-plugin-svelte@4.0.0__svelte@5.1.6___acorn@8.14.0__vite@5.4.10_svelte@5.1.6__acorn@8.14.0_vite@5.4.10",
    "npm:@sveltejs/kit@2": "2.7.3_@sveltejs+vite-plugin-svelte@4.0.0__svelte@5.1.6___acorn@8.14.0__vite@5.4.10_svelte@5.1.6__acorn@8.14.0_vite@5.4.10",
    "npm:@sveltejs/vite-plugin-svelte@4": "4.0.0_svelte@5.1.6__acorn@8.14.0_vite@5.4.10",
    "npm:@tailwindcss/forms@~0.5.10": "0.5.10_tailwindcss@4.1.7",
    "npm:@tailwindcss/vite@^4.1.7": "4.1.7_vite@5.4.10",
    "npm:svelte@5": "5.1.6_acorn@8.14.0",
    "npm:tailwindcss@^4.1.7": "4.1.7",
    "npm:vite@^5.0.3": "5.4.10"
  },
  "npm": {
    "@ampproject/remapping@2.3.0": {
      "integrity": "sha512-30iZtAPgz+LTIYoeivqYo853f02jBYSd5uGnGpkFV0M3xOt9aN73erkgYAmZU43x4VfqcnLxW9Kpg3R5LC4YYw==",
      "dependencies": [
        "@jridgewell/gen-mapping",
        "@jridgewell/trace-mapping"
      ]
    },
    "@emnapi/core@1.4.3": {
      "integrity": "sha512-4m62DuCE07lw01soJwPiBGC0nAww0Q+RY70VZ+n49yDIO13yyinhbWCeNnaob0lakDtWQzSdtNWzJeOJt2ma+g==",
      "dependencies": [
        "@emnapi/wasi-threads",
        "tslib"
      ]
    },
    "@emnapi/runtime@1.4.3": {
      "integrity": "sha512-pBPWdu6MLKROBX05wSNKcNb++m5Er+KQ9QkB+WVM+pW2Kx9hoSrVTnu3BdkI5eBLZoKu/J6mW/B6i6bJB2ytXQ==",
      "dependencies": [
        "tslib"
      ]
    },
    "@emnapi/wasi-threads@1.0.2": {
      "integrity": "sha512-5n3nTJblwRi8LlXkJ9eBzu+kZR8Yxcc7ubakyQTFzPMtIhFpUBRbsnc2Dv88IZDIbCDlBiWrknhB4Lsz7mg6BA==",
      "dependencies": [
        "tslib"
      ]
    },
    "@esbuild/aix-ppc64@0.21.5": {
      "integrity": "sha512-1SDgH6ZSPTlggy1yI6+Dbkiz8xzpHJEVAlF/AM1tHPLsf5STom9rwtjE4hKAF20FfXXNTFqEYXyJNWh1GiZedQ=="
    },
    "@esbuild/android-arm64@0.21.5": {
      "integrity": "sha512-c0uX9VAUBQ7dTDCjq+wdyGLowMdtR/GoC2U5IYk/7D1H1JYC0qseD7+11iMP2mRLN9RcCMRcjC4YMclCzGwS/A=="
    },
    "@esbuild/android-arm@0.21.5": {
      "integrity": "sha512-vCPvzSjpPHEi1siZdlvAlsPxXl7WbOVUBBAowWug4rJHb68Ox8KualB+1ocNvT5fjv6wpkX6o/iEpbDrf68zcg=="
    },
    "@esbuild/android-x64@0.21.5": {
      "integrity": "sha512-D7aPRUUNHRBwHxzxRvp856rjUHRFW1SdQATKXH2hqA0kAZb1hKmi02OpYRacl0TxIGz/ZmXWlbZgjwWYaCakTA=="
    },
    "@esbuild/darwin-arm64@0.21.5": {
      "integrity": "sha512-DwqXqZyuk5AiWWf3UfLiRDJ5EDd49zg6O9wclZ7kUMv2WRFr4HKjXp/5t8JZ11QbQfUS6/cRCKGwYhtNAY88kQ=="
    },
    "@esbuild/darwin-x64@0.21.5": {
      "integrity": "sha512-se/JjF8NlmKVG4kNIuyWMV/22ZaerB+qaSi5MdrXtd6R08kvs2qCN4C09miupktDitvh8jRFflwGFBQcxZRjbw=="
    },
    "@esbuild/freebsd-arm64@0.21.5": {
      "integrity": "sha512-5JcRxxRDUJLX8JXp/wcBCy3pENnCgBR9bN6JsY4OmhfUtIHe3ZW0mawA7+RDAcMLrMIZaf03NlQiX9DGyB8h4g=="
    },
    "@esbuild/freebsd-x64@0.21.5": {
      "integrity": "sha512-J95kNBj1zkbMXtHVH29bBriQygMXqoVQOQYA+ISs0/2l3T9/kj42ow2mpqerRBxDJnmkUDCaQT/dfNXWX/ZZCQ=="
    },
    "@esbuild/linux-arm64@0.21.5": {
      "integrity": "sha512-ibKvmyYzKsBeX8d8I7MH/TMfWDXBF3db4qM6sy+7re0YXya+K1cem3on9XgdT2EQGMu4hQyZhan7TeQ8XkGp4Q=="
    },
    "@esbuild/linux-arm@0.21.5": {
      "integrity": "sha512-bPb5AHZtbeNGjCKVZ9UGqGwo8EUu4cLq68E95A53KlxAPRmUyYv2D6F0uUI65XisGOL1hBP5mTronbgo+0bFcA=="
    },
    "@esbuild/linux-ia32@0.21.5": {
      "integrity": "sha512-YvjXDqLRqPDl2dvRODYmmhz4rPeVKYvppfGYKSNGdyZkA01046pLWyRKKI3ax8fbJoK5QbxblURkwK/MWY18Tg=="
    },
    "@esbuild/linux-loong64@0.21.5": {
      "integrity": "sha512-uHf1BmMG8qEvzdrzAqg2SIG/02+4/DHB6a9Kbya0XDvwDEKCoC8ZRWI5JJvNdUjtciBGFQ5PuBlpEOXQj+JQSg=="
    },
    "@esbuild/linux-mips64el@0.21.5": {
      "integrity": "sha512-IajOmO+KJK23bj52dFSNCMsz1QP1DqM6cwLUv3W1QwyxkyIWecfafnI555fvSGqEKwjMXVLokcV5ygHW5b3Jbg=="
    },
    "@esbuild/linux-ppc64@0.21.5": {
      "integrity": "sha512-1hHV/Z4OEfMwpLO8rp7CvlhBDnjsC3CttJXIhBi+5Aj5r+MBvy4egg7wCbe//hSsT+RvDAG7s81tAvpL2XAE4w=="
    },
    "@esbuild/linux-riscv64@0.21.5": {
      "integrity": "sha512-2HdXDMd9GMgTGrPWnJzP2ALSokE/0O5HhTUvWIbD3YdjME8JwvSCnNGBnTThKGEB91OZhzrJ4qIIxk/SBmyDDA=="
    },
    "@esbuild/linux-s390x@0.21.5": {
      "integrity": "sha512-zus5sxzqBJD3eXxwvjN1yQkRepANgxE9lgOW2qLnmr8ikMTphkjgXu1HR01K4FJg8h1kEEDAqDcZQtbrRnB41A=="
    },
    "@esbuild/linux-x64@0.21.5": {
      "integrity": "sha512-1rYdTpyv03iycF1+BhzrzQJCdOuAOtaqHTWJZCWvijKD2N5Xu0TtVC8/+1faWqcP9iBCWOmjmhoH94dH82BxPQ=="
    },
    "@esbuild/netbsd-x64@0.21.5": {
      "integrity": "sha512-Woi2MXzXjMULccIwMnLciyZH4nCIMpWQAs049KEeMvOcNADVxo0UBIQPfSmxB3CWKedngg7sWZdLvLczpe0tLg=="
    },
    "@esbuild/openbsd-x64@0.21.5": {
      "integrity": "sha512-HLNNw99xsvx12lFBUwoT8EVCsSvRNDVxNpjZ7bPn947b8gJPzeHWyNVhFsaerc0n3TsbOINvRP2byTZ5LKezow=="
    },
    "@esbuild/sunos-x64@0.21.5": {
      "integrity": "sha512-6+gjmFpfy0BHU5Tpptkuh8+uw3mnrvgs+dSPQXQOv3ekbordwnzTVEb4qnIvQcYXq6gzkyTnoZ9dZG+D4garKg=="
    },
    "@esbuild/win32-arm64@0.21.5": {
      "integrity": "sha512-Z0gOTd75VvXqyq7nsl93zwahcTROgqvuAcYDUr+vOv8uHhNSKROyU961kgtCD1e95IqPKSQKH7tBTslnS3tA8A=="
    },
    "@esbuild/win32-ia32@0.21.5": {
      "integrity": "sha512-SWXFF1CL2RVNMaVs+BBClwtfZSvDgtL//G/smwAc5oVK/UPu2Gu9tIaRgFmYFFKrmg3SyAjSrElf0TiJ1v8fYA=="
    },
    "@esbuild/win32-x64@0.21.5": {
      "integrity": "sha512-tQd/1efJuzPC6rCFwEvLtci/xNFcTZknmXs98FYDfGE4wP9ClFV98nyKrzJKVPMhdDnjzLhdUyMX4PsQAPjwIw=="
    },
    "@floating-ui/core@1.7.0": {
      "integrity": "sha512-FRdBLykrPPA6P76GGGqlex/e7fbe0F1ykgxHYNXQsH/iTEtjMj/f9bpY5oQqbjt5VgZvgz/uKXbGuROijh3VLA==",
      "dependencies": [
        "@floating-ui/utils"
      ]
    },
    "@floating-ui/dom@1.7.0": {
      "integrity": "sha512-lGTor4VlXcesUMh1cupTUTDoCxMb0V6bm3CnxHzQcw8Eaf1jQbgQX4i02fYgT0vJ82tb5MZ4CZk1LRGkktJCzg==",
      "dependencies": [
        "@floating-ui/core",
        "@floating-ui/utils"
      ]
    },
    "@floating-ui/utils@0.2.9": {
      "integrity": "sha512-MDWhGtE+eHw5JW7lq4qhc5yRLS11ERl1c7Z6Xd0a58DozHES6EnNNwUWbMiG4J9Cgj053Bhk8zvlhFYKVhULwg=="
    },
    "@isaacs/fs-minipass@4.0.1": {
      "integrity": "sha512-wgm9Ehl2jpeqP3zw/7mo3kRHFp5MEDhqAdwy1fTGkHAwnkGOVsgpvQhL8B5n1qlb01jV3n/bI0ZfZp5lWA1k4w==",
      "dependencies": [
        "minipass"
      ]
    },
    "@jridgewell/gen-mapping@0.3.5": {
      "integrity": "sha512-IzL8ZoEDIBRWEzlCcRhOaCupYyN5gdIK+Q6fbFdPDg6HqX6jpkItn7DFIpW9LQzXG6Df9sA7+OKnq0qlz/GaQg==",
      "dependencies": [
        "@jridgewell/set-array",
        "@jridgewell/sourcemap-codec",
        "@jridgewell/trace-mapping"
      ]
    },
    "@jridgewell/resolve-uri@3.1.2": {
      "integrity": "sha512-bRISgCIjP20/tbWSPWMEi54QVPRZExkuD9lJL+UIxUKtwVJA8wW1Trb1jMs1RFXo1CBTNZ/5hpC9QvmKWdopKw=="
    },
    "@jridgewell/set-array@1.2.1": {
      "integrity": "sha512-R8gLRTZeyp03ymzP/6Lil/28tGeGEzhx1q2k703KGWRAI1VdvPIXdG70VJc2pAMw3NA6JKL5hhFu1sJX0Mnn/A=="
    },
    "@jridgewell/sourcemap-codec@1.5.0": {
      "integrity": "sha512-gv3ZRaISU3fjPAgNsriBRqGWQL6quFx04YMPW/zD8XMLsU32mhCCbfbO6KZFLjvYpCZ8zyDEgqsgf+PwPaM7GQ=="
    },
    "@jridgewell/trace-mapping@0.3.25": {
      "integrity": "sha512-vNk6aEwybGtawWmy/PzwnGDOjCkLWSD2wqvjGGAgOAwCGWySYXfYoxt00IJkTF+8Lb57DwOb3Aa0o9CApepiYQ==",
      "dependencies": [
        "@jridgewell/resolve-uri",
        "@jridgewell/sourcemap-codec"
      ]
    },
    "@napi-rs/wasm-runtime@0.2.10": {
      "integrity": "sha512-bCsCyeZEwVErsGmyPNSzwfwFn4OdxBj0mmv6hOFucB/k81Ojdu68RbZdxYsRQUPc9l6SU5F/cG+bXgWs3oUgsQ==",
      "dependencies": [
        "@emnapi/core",
        "@emnapi/runtime",
        "@tybys/wasm-util"
      ]
    },
    "@polka/url@1.0.0-next.28": {
      "integrity": "sha512-8LduaNlMZGwdZ6qWrKlfa+2M4gahzFkprZiAt2TF8uS0qQgBizKXpXURqvTJ4WtmupWxaLqjRb2UCTe72mu+Aw=="
    },
    "@rollup/rollup-android-arm-eabi@4.24.3": {
      "integrity": "sha512-ufb2CH2KfBWPJok95frEZZ82LtDl0A6QKTa8MoM+cWwDZvVGl5/jNb79pIhRvAalUu+7LD91VYR0nwRD799HkQ=="
    },
    "@rollup/rollup-android-arm64@4.24.3": {
      "integrity": "sha512-iAHpft/eQk9vkWIV5t22V77d90CRofgR2006UiCjHcHJFVI1E0oBkQIAbz+pLtthFw3hWEmVB4ilxGyBf48i2Q=="
    },
    "@rollup/rollup-darwin-arm64@4.24.3": {
      "integrity": "sha512-QPW2YmkWLlvqmOa2OwrfqLJqkHm7kJCIMq9kOz40Zo9Ipi40kf9ONG5Sz76zszrmIZZ4hgRIkez69YnTHgEz1w=="
    },
    "@rollup/rollup-darwin-x64@4.24.3": {
      "integrity": "sha512-KO0pN5x3+uZm1ZXeIfDqwcvnQ9UEGN8JX5ufhmgH5Lz4ujjZMAnxQygZAVGemFWn+ZZC0FQopruV4lqmGMshow=="
    },
    "@rollup/rollup-freebsd-arm64@4.24.3": {
      "integrity": "sha512-CsC+ZdIiZCZbBI+aRlWpYJMSWvVssPuWqrDy/zi9YfnatKKSLFCe6fjna1grHuo/nVaHG+kiglpRhyBQYRTK4A=="
    },
    "@rollup/rollup-freebsd-x64@4.24.3": {
      "integrity": "sha512-F0nqiLThcfKvRQhZEzMIXOQG4EeX61im61VYL1jo4eBxv4aZRmpin6crnBJQ/nWnCsjH5F6J3W6Stdm0mBNqBg=="
    },
    "@rollup/rollup-linux-arm-gnueabihf@4.24.3": {
      "integrity": "sha512-KRSFHyE/RdxQ1CSeOIBVIAxStFC/hnBgVcaiCkQaVC+EYDtTe4X7z5tBkFyRoBgUGtB6Xg6t9t2kulnX6wJc6A=="
    },
    "@rollup/rollup-linux-arm-musleabihf@4.24.3": {
      "integrity": "sha512-h6Q8MT+e05zP5BxEKz0vi0DhthLdrNEnspdLzkoFqGwnmOzakEHSlXfVyA4HJ322QtFy7biUAVFPvIDEDQa6rw=="
    },
    "@rollup/rollup-linux-arm64-gnu@4.24.3": {
      "integrity": "sha512-fKElSyXhXIJ9pqiYRqisfirIo2Z5pTTve5K438URf08fsypXrEkVmShkSfM8GJ1aUyvjakT+fn2W7Czlpd/0FQ=="
    },
    "@rollup/rollup-linux-arm64-musl@4.24.3": {
      "integrity": "sha512-YlddZSUk8G0px9/+V9PVilVDC6ydMz7WquxozToozSnfFK6wa6ne1ATUjUvjin09jp34p84milxlY5ikueoenw=="
    },
    "@rollup/rollup-linux-powerpc64le-gnu@4.24.3": {
      "integrity": "sha512-yNaWw+GAO8JjVx3s3cMeG5Esz1cKVzz8PkTJSfYzE5u7A+NvGmbVFEHP+BikTIyYWuz0+DX9kaA3pH9Sqxp69g=="
    },
    "@rollup/rollup-linux-riscv64-gnu@4.24.3": {
      "integrity": "sha512-lWKNQfsbpv14ZCtM/HkjCTm4oWTKTfxPmr7iPfp3AHSqyoTz5AgLemYkWLwOBWc+XxBbrU9SCokZP0WlBZM9lA=="
    },
    "@rollup/rollup-linux-s390x-gnu@4.24.3": {
      "integrity": "sha512-HoojGXTC2CgCcq0Woc/dn12wQUlkNyfH0I1ABK4Ni9YXyFQa86Fkt2Q0nqgLfbhkyfQ6003i3qQk9pLh/SpAYw=="
    },
    "@rollup/rollup-linux-x64-gnu@4.24.3": {
      "integrity": "sha512-mnEOh4iE4USSccBOtcrjF5nj+5/zm6NcNhbSEfR3Ot0pxBwvEn5QVUXcuOwwPkapDtGZ6pT02xLoPaNv06w7KQ=="
    },
    "@rollup/rollup-linux-x64-musl@4.24.3": {
      "integrity": "sha512-rMTzawBPimBQkG9NKpNHvquIUTQPzrnPxPbCY1Xt+mFkW7pshvyIS5kYgcf74goxXOQk0CP3EoOC1zcEezKXhw=="
    },
    "@rollup/rollup-win32-arm64-msvc@4.24.3": {
      "integrity": "sha512-2lg1CE305xNvnH3SyiKwPVsTVLCg4TmNCF1z7PSHX2uZY2VbUpdkgAllVoISD7JO7zu+YynpWNSKAtOrX3AiuA=="
    },
    "@rollup/rollup-win32-ia32-msvc@4.24.3": {
      "integrity": "sha512-9SjYp1sPyxJsPWuhOCX6F4jUMXGbVVd5obVpoVEi8ClZqo52ViZewA6eFz85y8ezuOA+uJMP5A5zo6Oz4S5rVQ=="
    },
    "@rollup/rollup-win32-x64-msvc@4.24.3": {
      "integrity": "sha512-HGZgRFFYrMrP3TJlq58nR1xy8zHKId25vhmm5S9jETEfDf6xybPxsavFTJaufe2zgOGYJBskGlj49CwtEuFhWQ=="
    },
    "@skeletonlabs/skeleton-svelte@1.2.3_svelte@5.33.1__acorn@8.14.0": {
      "integrity": "sha512-0AwsLNoHyo71IE28KztjgXR8uxQKPkAkCT9LEhIRyeZJV+FC+PLS2+TAlnUEPfRLHhGJbkVu/5FJaFVCA/KoTw==",
      "dependencies": [
        "@zag-js/accordion",
        "@zag-js/avatar",
        "@zag-js/combobox",
        "@zag-js/dialog",
        "@zag-js/file-upload",
        "@zag-js/pagination",
        "@zag-js/popover",
        "@zag-js/progress",
        "@zag-js/radio-group",
        "@zag-js/rating-group",
        "@zag-js/slider",
        "@zag-js/svelte",
        "@zag-js/switch",
        "@zag-js/tabs",
        "@zag-js/tags-input",
        "@zag-js/toast",
        "@zag-js/tooltip",
        "svelte@5.33.1_acorn@8.14.0"
      ]
    },
    "@skeletonlabs/skeleton@3.1.3_tailwindcss@4.1.7": {
      "integrity": "sha512-ZXllVGa5DoDQYeQF2866kKTGllRM11W0gRzvsDx8hiVE2Vj7Z0Z8dcOKOx+gb0myXG1PRAP5Yj7nwTLBDG14lg==",
      "dependencies": [
        "tailwindcss"
      ]
    },
    "@sveltejs/acorn-typescript@1.0.5_acorn@8.14.0": {
      "integrity": "sha512-IwQk4yfwLdibDlrXVE04jTZYlLnwsTT2PIOQQGNLWfjavGifnk1JD1LcZjZaBTRcxZu2FfPfNLOE04DSu9lqtQ==",
      "dependencies": [
        "acorn"
      ]
    },
    "@sveltejs/adapter-auto@3.3.1_@sveltejs+kit@2.7.3__@sveltejs+vite-plugin-svelte@4.0.0___svelte@5.1.6____acorn@8.14.0___vite@5.4.10__svelte@5.1.6___acorn@8.14.0__vite@5.4.10_@sveltejs+vite-plugin-svelte@4.0.0__svelte@5.1.6___acorn@8.14.0__vite@5.4.10_svelte@5.1.6__acorn@8.14.0_vite@5.4.10": {
      "integrity": "sha512-5Sc7WAxYdL6q9j/+D0jJKjGREGlfIevDyHSQ2eNETHcB1TKlQWHcAo8AS8H1QdjNvSXpvOwNjykDUHPEAyGgdQ==",
      "dependencies": [
        "@sveltejs/kit",
        "import-meta-resolve"
      ]
    },
    "@sveltejs/adapter-static@3.0.8_@sveltejs+kit@2.7.3__@sveltejs+vite-plugin-svelte@4.0.0___svelte@5.1.6____acorn@8.14.0___vite@5.4.10__svelte@5.1.6___acorn@8.14.0__vite@5.4.10_@sveltejs+vite-plugin-svelte@4.0.0__svelte@5.1.6___acorn@8.14.0__vite@5.4.10_svelte@5.1.6__acorn@8.14.0_vite@5.4.10": {
      "integrity": "sha512-YaDrquRpZwfcXbnlDsSrBQNCChVOT9MGuSg+dMAyfsAa1SmiAhrA5jUYUiIMC59G92kIbY/AaQOWcBdq+lh+zg==",
      "dependencies": [
        "@sveltejs/kit"
      ]
    },
    "@sveltejs/kit@2.7.3_@sveltejs+vite-plugin-svelte@4.0.0__svelte@5.1.6___acorn@8.14.0__vite@5.4.10_svelte@5.1.6__acorn@8.14.0_vite@5.4.10": {
      "integrity": "sha512-Vx7nq5MJ86I8qXYsVidC5PX6xm+uxt8DydvOdmJoyOK7LvGP18OFEG359yY+aa51t6pENvqZAMqAREQQx1OI2Q==",
      "dependencies": [
        "@sveltejs/vite-plugin-svelte",
        "@types/cookie",
        "cookie",
        "devalue",
        "esm-env@1.1.4",
        "import-meta-resolve",
        "kleur",
        "magic-string@0.30.12",
        "mrmime",
        "sade",
        "set-cookie-parser",
        "sirv",
        "svelte@5.1.6_acorn@8.14.0",
        "tiny-glob",
        "vite"
      ]
    },
    "@sveltejs/vite-plugin-svelte-inspector@3.0.1_@sveltejs+vite-plugin-svelte@4.0.0__svelte@5.1.6___acorn@8.14.0__vite@5.4.10_svelte@5.1.6__acorn@8.14.0_vite@5.4.10": {
      "integrity": "sha512-2CKypmj1sM4GE7HjllT7UKmo4Q6L5xFRd7VMGEWhYnZ+wc6AUVU01IBd7yUi6WnFndEwWoMNOd6e8UjoN0nbvQ==",
      "dependencies": [
        "@sveltejs/vite-plugin-svelte",
        "debug",
        "svelte@5.1.6_acorn@8.14.0",
        "vite"
      ]
    },
    "@sveltejs/vite-plugin-svelte@4.0.0_svelte@5.1.6__acorn@8.14.0_vite@5.4.10": {
      "integrity": "sha512-kpVJwF+gNiMEsoHaw+FJL76IYiwBikkxYU83+BpqQLdVMff19KeRKLd2wisS8niNBMJ2omv5gG+iGDDwd8jzag==",
      "dependencies": [
        "@sveltejs/vite-plugin-svelte-inspector",
        "debug",
        "deepmerge",
        "kleur",
        "magic-string@0.30.12",
        "svelte@5.1.6_acorn@8.14.0",
        "vite",
        "vitefu"
      ]
    },
    "@tailwindcss/forms@0.5.10_tailwindcss@4.1.7": {
      "integrity": "sha512-utI1ONF6uf/pPNO68kmN1b8rEwNXv3czukalo8VtJH8ksIkZXr3Q3VYudZLkCsDd4Wku120uF02hYK25XGPorw==",
      "dependencies": [
        "mini-svg-data-uri",
        "tailwindcss"
      ]
    },
    "@tailwindcss/node@4.1.7": {
      "integrity": "sha512-9rsOpdY9idRI2NH6CL4wORFY0+Q6fnx9XP9Ju+iq/0wJwGD5IByIgFmwVbyy4ymuyprj8Qh4ErxMKTUL4uNh3g==",
      "dependencies": [
        "@ampproject/remapping",
        "enhanced-resolve",
        "jiti",
        "lightningcss",
        "magic-string@0.30.17",
        "source-map-js",
        "tailwindcss"
      ]
    },
    "@tailwindcss/oxide-android-arm64@4.1.7": {
      "integrity": "sha512-IWA410JZ8fF7kACus6BrUwY2Z1t1hm0+ZWNEzykKmMNM09wQooOcN/VXr0p/WJdtHZ90PvJf2AIBS/Ceqx1emg=="
    },
    "@tailwindcss/oxide-darwin-arm64@4.1.7": {
      "integrity": "sha512-81jUw9To7fimGGkuJ2W5h3/oGonTOZKZ8C2ghm/TTxbwvfSiFSDPd6/A/KE2N7Jp4mv3Ps9OFqg2fEKgZFfsvg=="
    },
    "@tailwindcss/oxide-darwin-x64@4.1.7": {
      "integrity": "sha512-q77rWjEyGHV4PdDBtrzO0tgBBPlQWKY7wZK0cUok/HaGgbNKecegNxCGikuPJn5wFAlIywC3v+WMBt0PEBtwGw=="
    },
    "@tailwindcss/oxide-freebsd-x64@4.1.7": {
      "integrity": "sha512-RfmdbbK6G6ptgF4qqbzoxmH+PKfP4KSVs7SRlTwcbRgBwezJkAO3Qta/7gDy10Q2DcUVkKxFLXUQO6J3CRvBGw=="
    },
    "@tailwindcss/oxide-linux-arm-gnueabihf@4.1.7": {
      "integrity": "sha512-OZqsGvpwOa13lVd1z6JVwQXadEobmesxQ4AxhrwRiPuE04quvZHWn/LnihMg7/XkN+dTioXp/VMu/p6A5eZP3g=="
    },
    "@tailwindcss/oxide-linux-arm64-gnu@4.1.7": {
      "integrity": "sha512-voMvBTnJSfKecJxGkoeAyW/2XRToLZ227LxswLAwKY7YslG/Xkw9/tJNH+3IVh5bdYzYE7DfiaPbRkSHFxY1xA=="
    },
    "@tailwindcss/oxide-linux-arm64-musl@4.1.7": {
      "integrity": "sha512-PjGuNNmJeKHnP58M7XyjJyla8LPo+RmwHQpBI+W/OxqrwojyuCQ+GUtygu7jUqTEexejZHr/z3nBc/gTiXBj4A=="
    },
    "@tailwindcss/oxide-linux-x64-gnu@4.1.7": {
      "integrity": "sha512-HMs+Va+ZR3gC3mLZE00gXxtBo3JoSQxtu9lobbZd+DmfkIxR54NO7Z+UQNPsa0P/ITn1TevtFxXTpsRU7qEvWg=="
    },
    "@tailwindcss/oxide-linux-x64-musl@4.1.7": {
      "integrity": "sha512-MHZ6jyNlutdHH8rd+YTdr3QbXrHXqwIhHw9e7yXEBcQdluGwhpQY2Eku8UZK6ReLaWtQ4gijIv5QoM5eE+qlsA=="
    },
    "@tailwindcss/oxide-wasm32-wasi@4.1.7": {
      "integrity": "sha512-ANaSKt74ZRzE2TvJmUcbFQ8zS201cIPxUDm5qez5rLEwWkie2SkGtA4P+GPTj+u8N6JbPrC8MtY8RmJA35Oo+A==",
      "dependencies": [
        "@emnapi/core",
        "@emnapi/runtime",
        "@emnapi/wasi-threads",
        "@napi-rs/wasm-runtime",
        "@tybys/wasm-util",
        "tslib"
      ]
    },
    "@tailwindcss/oxide-win32-arm64-msvc@4.1.7": {
      "integrity": "sha512-HUiSiXQ9gLJBAPCMVRk2RT1ZrBjto7WvqsPBwUrNK2BcdSxMnk19h4pjZjI7zgPhDxlAbJSumTC4ljeA9y0tEw=="
    },
    "@tailwindcss/oxide-win32-x64-msvc@4.1.7": {
      "integrity": "sha512-rYHGmvoHiLJ8hWucSfSOEmdCBIGZIq7SpkPRSqLsH2Ab2YUNgKeAPT1Fi2cx3+hnYOrAb0jp9cRyode3bBW4mQ=="
    },
    "@tailwindcss/oxide@4.1.7": {
      "integrity": "sha512-5SF95Ctm9DFiUyjUPnDGkoKItPX/k+xifcQhcqX5RA85m50jw1pT/KzjdvlqxRja45Y52nR4MR9fD1JYd7f8NQ==",
      "dependencies": [
        "@tailwindcss/oxide-android-arm64",
        "@tailwindcss/oxide-darwin-arm64",
        "@tailwindcss/oxide-darwin-x64",
        "@tailwindcss/oxide-freebsd-x64",
        "@tailwindcss/oxide-linux-arm-gnueabihf",
        "@tailwindcss/oxide-linux-arm64-gnu",
        "@tailwindcss/oxide-linux-arm64-musl",
        "@tailwindcss/oxide-linux-x64-gnu",
        "@tailwindcss/oxide-linux-x64-musl",
        "@tailwindcss/oxide-wasm32-wasi",
        "@tailwindcss/oxide-win32-arm64-msvc",
        "@tailwindcss/oxide-win32-x64-msvc",
        "detect-libc",
        "tar"
      ]
    },
    "@tailwindcss/vite@4.1.7_vite@5.4.10": {
      "integrity": "sha512-tYa2fO3zDe41I7WqijyVbRd8oWT0aEID1Eokz5hMT6wShLIHj3yvwj9XbfuloHP9glZ6H+aG2AN/+ZrxJ1Y5RQ==",
      "dependencies": [
        "@tailwindcss/node",
        "@tailwindcss/oxide",
        "tailwindcss",
        "vite"
      ]
    },
    "@tybys/wasm-util@0.9.0": {
      "integrity": "sha512-6+7nlbMVX/PVDCwaIQ8nTOPveOcFLSt8GcXdx8hD0bt39uWxYT88uXzqTd4fTvqta7oeUJqudepapKNt2DYJFw==",
      "dependencies": [
        "tslib"
      ]
    },
    "@types/cookie@0.6.0": {
      "integrity": "sha512-4Kh9a6B2bQciAhf7FSuMRRkUWecJgJu9nPnx3yzpsfXX/c50REIqpHY4C82bXP90qrLtXtkDxTZosYO3UpOwlA=="
    },
    "@types/estree@1.0.6": {
      "integrity": "sha512-AYnb1nQyY49te+VRAVgmzfcgjYS91mY5P0TKUDCLEM+gNnA+3T6rWITXRLYCpahpqSQbN5cE+gHpnPyXjHWxcw=="
    },
    "@zag-js/accordion@1.12.4": {
      "integrity": "sha512-u63ztbMmG3retx5TBpN4TxDvnbqsYZ++G1Rdhjo/EuWm5PTApZrnP1D7gcqEDk4mBw/IkE3o1l3PzzLj6HUegg==",
      "dependencies": [
        "@zag-js/anatomy",
        "@zag-js/core",
        "@zag-js/dom-query",
        "@zag-js/types",
        "@zag-js/utils"
      ]
    },
    "@zag-js/anatomy@1.12.4": {
      "integrity": "sha512-bcNjZlVrHQqhiwEDiv0QNFWcMRxJqfqo891mzmnARj+Ey9mxzhrWoMGLj//fg9Q/u/i4Bul5Z2AOws2QboiMQg=="
    },
    "@zag-js/aria-hidden@1.12.4": {
      "integrity": "sha512-IA7I8p80H7UecltHPlkHI/3lfyDdxs1BxXzhG1FLWtC6mbNjIL9Ie2mKz/9nYUJYMiIkTephRggX3genFkAwSQ=="
    },
    "@zag-js/auto-resize@1.12.4": {
      "integrity": "sha512-FLpHdZ+e7SYw33k9GwkAD36FLpNN9OeF5iQXN2jeJgq0Q1Gya1y5Kekxy67eGdLLjCfehsauv46bnSUYJs0yoQ==",
      "dependencies": [
        "@zag-js/dom-query"
      ]
    },
    "@zag-js/avatar@1.12.4": {
      "integrity": "sha512-YnSiDQ8l19k2EV2OLatGjTAdLRpp2IBttADcQoZrGY74R6N519E3PAIP58UK/K2Hpygbal7XJ0mjB/ePbfPdTQ==",
      "dependencies": [
        "@zag-js/anatomy",
        "@zag-js/core",
        "@zag-js/dom-query",
        "@zag-js/types",
        "@zag-js/utils"
      ]
    },
    "@zag-js/collection@1.12.4": {
      "integrity": "sha512-EQNwCezUYyBH2tYeUHwMEIpFSDf4wAwhhpEPz/UhgZneaRnEL/T8F0eArZBf9OqRnVJEsl72nDzxMc7R078qsw==",
      "dependencies": [
        "@zag-js/utils"
      ]
    },
    "@zag-js/combobox@1.12.4": {
      "integrity": "sha512-bjtmB7PHMWTdq5Y96hgK/X8HMSxHry6LzcYz98F6WTDzoz+5nOZg3TLurBt87RGyM9JqNQHR99/YH75vVyBGaA==",
      "dependencies": [
        "@zag-js/anatomy",
        "@zag-js/aria-hidden",
        "@zag-js/collection",
        "@zag-js/core",
        "@zag-js/dismissable",
        "@zag-js/dom-query",
        "@zag-js/popper",
        "@zag-js/types",
        "@zag-js/utils"
      ]
    },
    "@zag-js/core@1.12.4": {
      "integrity": "sha512-W9ASCtNeOT08PO4T7/ZVzUYIv/N4b9F7QbPsNsozCpSkoeY4xXQn5PMe/JUWcOgS/ocBGwvCQLKpVSAhCAEHtQ==",
      "dependencies": [
        "@zag-js/dom-query",
        "@zag-js/utils"
      ]
    },
    "@zag-js/dialog@1.12.4": {
      "integrity": "sha512-99v1Tqm3r3qJBzurjnMmFmVjF9ZCZ7aATwzst2trI9yPJMrISiL6jq6s8iP6mKv71ED013YfQkHvaBqqy4zMTg==",
      "dependencies": [
        "@zag-js/anatomy",
        "@zag-js/aria-hidden",
        "@zag-js/core",
        "@zag-js/dismissable",
        "@zag-js/dom-query",
        "@zag-js/focus-trap",
        "@zag-js/remove-scroll",
        "@zag-js/types",
        "@zag-js/utils"
      ]
    },
    "@zag-js/dismissable@1.12.4": {
      "integrity": "sha512-iZ7O3Yi4vnrfoXJWBFz8bHJoR3QpfZcokiaqWRJkwDJzVzN9E3kA00232MfR1x01y7lFDyZMabvCRDuQcMaBmg==",
      "dependencies": [
        "@zag-js/dom-query",
        "@zag-js/interact-outside",
        "@zag-js/utils"
      ]
    },
    "@zag-js/dom-query@1.12.4": {
      "integrity": "sha512-EICuVDdjmCnTX/vkO/t51XpaOFKQbMnD74AprQjOosrY7bXs0VFmLbQ5hHmOZd7rr7GbNfd3VyO7VmyeZoF32w==",
      "dependencies": [
        "@zag-js/types"
      ]
    },
    "@zag-js/file-upload@1.12.4": {
      "integrity": "sha512-m3VRAfQPTnIBKc0LUeeD7s9VfYrazzLwAK2m6LaHwGfpQbdGjzjBmWfrLnDLJqt5CVzvjMAMU8NN+0kDtS/nxg==",
      "dependencies": [
        "@zag-js/anatomy",
        "@zag-js/core",
        "@zag-js/dom-query",
        "@zag-js/file-utils",
        "@zag-js/i18n-utils",
        "@zag-js/types",
        "@zag-js/utils"
      ]
    },
    "@zag-js/file-utils@1.12.4": {
      "integrity": "sha512-nPwpWlUPBFSgcYuvkHHLQqwO6rr0g2sQjITjE4xEv8hnpZCOk9EG77SvNZeIulJD2vn7AfnTvif3hk5piwE0bA==",
      "dependencies": [
        "@zag-js/i18n-utils"
      ]
    },
    "@zag-js/focus-trap@1.12.4": {
      "integrity": "sha512-BCtcB8mrXW6guEmUmT6YOHwjYF6keDhJA5+7pwm5ctMlMp7cMljGaA6ZLofn/5Qi/H2CUjVv4FSy7YqrvsFdxQ==",
      "dependencies": [
        "@zag-js/dom-query"
      ]
    },
    "@zag-js/focus-visible@1.12.4": {
      "integrity": "sha512-NCzeBwz2XvtTqPYaGa2G2Bjs2//o3RG6mlneOVWdj92UUrj7Ybh9LBmx6DBCFcxXSrmANDls/7EOrYuXvN/s/A==",
      "dependencies": [
        "@zag-js/dom-query"
      ]
    },
    "@zag-js/i18n-utils@1.12.4": {
      "integrity": "sha512-imTLTstPAmBvgUj+0pqjUZ0Sz9NGoVIhUpdvozvcgCMnAlTEMJlgl3BM0CzjDAT5tJM0McXPuGjgqFVX6u3WjA==",
      "dependencies": [
        "@zag-js/dom-query"
      ]
    },
    "@zag-js/interact-outside@1.12.4": {
      "integrity": "sha512-aHZ2p+WFKSX9w4hVMpuApcqSMo+h41iGjCoimbH2Mw2uKtLAnM5avFpPsLJaiO9AvF22BXH8F9xCnmnAGISyLQ==",
      "dependencies": [
        "@zag-js/dom-query",
        "@zag-js/utils"
      ]
    },
    "@zag-js/live-region@1.12.4": {
      "integrity": "sha512-nn+vOBdtQBG34XxIFPJ3AEkd+y3WA/TnPGv3ldIpzHvynBvXFdLp1lAua3FJ6k1zo7PvDsrLeG75iX6QqqX9yQ=="
    },
    "@zag-js/pagination@1.12.4": {
      "integrity": "sha512-fRMLpiamDJbn8vvXK2xDa0niJGM9BqioGLqVNrzFDvBldnTauUIvEAJVWil98slOO6XfHfHT07pSnADR1dgk0Q==",
      "dependencies": [
        "@zag-js/anatomy",
        "@zag-js/core",
        "@zag-js/dom-query",
        "@zag-js/types",
        "@zag-js/utils"
      ]
    },
    "@zag-js/popover@1.12.4": {
      "integrity": "sha512-dlqxYpubVzo6EOwPgJ25Cbfaiu1ZQq3hOlYd3If/HM7DQRTy3CUuSCKUIJwx/DGSuD5TRQUgBESbAD9QqjCOGg==",
      "dependencies": [
        "@zag-js/anatomy",
        "@zag-js/aria-hidden",
        "@zag-js/core",
        "@zag-js/dismissable",
        "@zag-js/dom-query",
        "@zag-js/focus-trap",
        "@zag-js/popper",
        "@zag-js/remove-scroll",
        "@zag-js/types",
        "@zag-js/utils"
      ]
    },
    "@zag-js/popper@1.12.4": {
      "integrity": "sha512-r+tKkJXCtTEOkBN6iXFjva3tZKA4F/M+Y6oSaNpPtG2S5f71yxFcC3rhYeIRrZD6qiT8q2swFVjaWhuQFUjpkw==",
      "dependencies": [
        "@floating-ui/dom",
        "@zag-js/dom-query",
        "@zag-js/utils"
      ]
    },
    "@zag-js/progress@1.12.4": {
      "integrity": "sha512-fzAbDn2deBzp1Er8zFi29DxWhdneRgSPidFYszVqTZBzV6I6c2wE96DsSp1GudI72KNwcfy3dDeoqqWQpI4imQ==",
      "dependencies": [
        "@zag-js/anatomy",
        "@zag-js/core",
        "@zag-js/dom-query",
        "@zag-js/types",
        "@zag-js/utils"
      ]
    },
    "@zag-js/radio-group@1.12.4": {
      "integrity": "sha512-AoGO29CHlDYliu3oPj6vds8bq2BE0pijPDgBA0YrftSsvpuFuGgAXZJTvy+/P+ZoBu9pnbz05Z4pKPN6EldB7w==",
      "dependencies": [
        "@zag-js/anatomy",
        "@zag-js/core",
        "@zag-js/dom-query",
        "@zag-js/focus-visible",
        "@zag-js/types",
        "@zag-js/utils"
      ]
    },
    "@zag-js/rating-group@1.12.4": {
      "integrity": "sha512-TxW6423dD+yxORz9jZQQzpQunfjd7GShCN7eWw8tfRdCpOZlxUzuADJKM+tLl70nDp0zXkeuzWbB63sVO6d5vg==",
      "dependencies": [
        "@zag-js/anatomy",
        "@zag-js/core",
        "@zag-js/dom-query",
        "@zag-js/types",
        "@zag-js/utils"
      ]
    },
    "@zag-js/remove-scroll@1.12.4": {
      "integrity": "sha512-vyuaHEEHs5IaXAPxuO5KTA9/ds7fMr8TnXdyxbnQJ06+CCEKtuz3GWT027VqOF7zlGHhEpFHxHtepVBaI/iUkA==",
      "dependencies": [
        "@zag-js/dom-query"
      ]
    },
    "@zag-js/slider@1.12.4": {
      "integrity": "sha512-AYW4OgDwvdeRQtuxrIhe847HfWenvzhSBwhfv6PxzJyX4Mk21UpfE2UIDGc9ejsVqipVhiAo4r5hcEBmevzW7Q==",
      "dependencies": [
        "@zag-js/anatomy",
        "@zag-js/core",
        "@zag-js/dom-query",
        "@zag-js/types",
        "@zag-js/utils"
      ]
    },
    "@zag-js/store@1.12.4": {
      "integrity": "sha512-VBQMa9ArOlIrvpXksk2dTfPL+XsHKSX7OArWJ+YjuYEYCLLVdmVo6M7W1YZyuQu+wQ6udwkOZil1cB9HD6hzIA==",
      "dependencies": [
        "proxy-compare"
      ]
    },
    "@zag-js/svelte@1.12.4_svelte@5.33.1__acorn@8.14.0": {
      "integrity": "sha512-Uq3dufVLsOckw2z15F61qy4b7tl4ALJGoxopvD7QPsjbrYGu9Dn8RPn5LFcDgEPjO7cIgMHamzv47ivsyKAMmQ==",
      "dependencies": [
        "@zag-js/core",
        "@zag-js/types",
        "@zag-js/utils",
        "svelte@5.33.1_acorn@8.14.0"
      ]
    },
    "@zag-js/switch@1.12.4": {
      "integrity": "sha512-lfII+tBnh9GjXN4n5/sYbmo8XLF3lxqlrqKyfcIMm854ceyhXsC5Mf6xUF6IBOhPIlcPF2LQeCRCaxuwtVeYdw==",
      "dependencies": [
        "@zag-js/anatomy",
        "@zag-js/core",
        "@zag-js/dom-query",
        "@zag-js/focus-visible",
        "@zag-js/types",
        "@zag-js/utils"
      ]
    },
    "@zag-js/tabs@1.12.4": {
      "integrity": "sha512-lP88tFTFXyEM8u6dwY6jgYKZMhCLEG7r4pc2QtNcShXZwHcGkHMCsTkJpxowN8+GZKIf13VHLKRoPHhc/7JCYg==",
      "dependencies": [
        "@zag-js/anatomy",
        "@zag-js/core",
        "@zag-js/dom-query",
        "@zag-js/types",
        "@zag-js/utils"
      ]
    },
    "@zag-js/tags-input@1.12.4": {
      "integrity": "sha512-GM9itpuVsaniNDha5ydukPv+zsargo+nj3z0cxNmf6U6Zh7YoGJwgOyzlIzCGZDEU3hyrrVuQoouNs/Iel7CpQ==",
      "dependencies": [
        "@zag-js/anatomy",
        "@zag-js/auto-resize",
        "@zag-js/core",
        "@zag-js/dom-query",
        "@zag-js/interact-outside",
        "@zag-js/live-region",
        "@zag-js/types",
        "@zag-js/utils"
      ]
    },
    "@zag-js/toast@1.12.4": {
      "integrity": "sha512-tUVqmbMLW6tfe9xA3vHlDyhBd5OVxNDy0uuEdq4wTnPYAjwrzU/CzpDrz2YJWwE5gKxgtvURgANaDahyi70c0g==",
      "dependencies": [
        "@zag-js/anatomy",
        "@zag-js/core",
        "@zag-js/dismissable",
        "@zag-js/dom-query",
        "@zag-js/types",
        "@zag-js/utils"
      ]
    },
    "@zag-js/tooltip@1.12.4": {
      "integrity": "sha512-8mh/Ko1AbX8SS8OzgF21UfY6Abnjt2jwtwR4PlD4M+/WoekfDVsshEFCCm5lJrTn5l15ZFOedeEZtk1RPItqIw==",
      "dependencies": [
        "@zag-js/anatomy",
        "@zag-js/core",
        "@zag-js/dom-query",
        "@zag-js/focus-visible",
        "@zag-js/popper",
        "@zag-js/store",
        "@zag-js/types",
        "@zag-js/utils"
      ]
    },
    "@zag-js/types@1.12.4": {
      "integrity": "sha512-Ot8mLjG+3PYAMiU79v6KdQYxxFPbg3y9Sku4U1gDNPMbsMHOoTg/GMtpXY6P0rzmNfxATYX6BblnZBBQ8cxvDA==",
      "dependencies": [
        "csstype"
      ]
    },
    "@zag-js/utils@1.12.4": {
      "integrity": "sha512-JPBTDmx05azPH1YCjbGv2VNoU4Fx8TWi7mZ/Pcqjl+FYXAsQeRJpVoYhKWM7U0fGwv6Anjvt1M+LQxnuxFVsAg=="
    },
    "acorn-typescript@1.4.13_acorn@8.14.0": {
      "integrity": "sha512-xsc9Xv0xlVfwp2o7sQ+GCQ1PgbkdcpWdTzrwXxO3xDMTAywVS3oXVOcOHuRjAPkS4P9b+yc/qNF15460v+jp4Q==",
      "dependencies": [
        "acorn"
      ]
    },
    "acorn@8.14.0": {
      "integrity": "sha512-cl669nCJTZBsL97OF4kUQm5g5hC2uihk0NxY3WENAC0TYdILVkAyHymAntgxGkl7K+t0cXIrH5siy5S4XkFycA=="
    },
    "aria-query@5.3.2": {
      "integrity": "sha512-COROpnaoap1E2F000S62r6A60uHZnmlvomhfyT2DlTcrY1OrBKn2UhH7qn5wTC9zMvD0AY7csdPSNwKP+7WiQw=="
    },
    "axobject-query@4.1.0": {
      "integrity": "sha512-qIj0G9wZbMGNLjLmg1PT6v2mE9AH2zlnADJD/2tC6E00hgmhUOfEB6greHPAfLRSufHqROIUTkw6E+M3lH0PTQ=="
    },
    "chownr@3.0.0": {
      "integrity": "sha512-+IxzY9BZOQd/XuYPRmrvEVjF/nqj5kgT4kEq7VofrDoM1MxoRjEWkrCC3EtLi59TVawxTAn+orJwFQcrqEN1+g=="
    },
    "clsx@2.1.1": {
      "integrity": "sha512-eYm0QWBtUrBWZWG0d386OGAw16Z995PiOVo2B7bjWSbHedGl5e0ZWaq65kOGgUSNesEIDkB9ISbTg/JK9dhCZA=="
    },
    "cookie@0.6.0": {
      "integrity": "sha512-U71cyTamuh1CRNCfpGY6to28lxvNwPG4Guz/EVjgf3Jmzv0vlDp1atT9eS5dDjMYHucpHbWns6Lwf3BKz6svdw=="
    },
    "csstype@3.1.3": {
      "integrity": "sha512-M1uQkMl8rQK/szD0LNhtqxIPLpimGm8sOBwU7lLnCpSbTyY3yeU1Vc7l4KT5zT4s/yOxHH5O7tIuuLOCnLADRw=="
    },
    "debug@4.3.7": {
      "integrity": "sha512-Er2nc/H7RrMXZBFCEim6TCmMk02Z8vLC2Rbi1KEBggpo0fS6l0S1nnapwmIi3yW/+GOJap1Krg4w0Hg80oCqgQ==",
      "dependencies": [
        "ms"
      ]
    },
    "deepmerge@4.3.1": {
      "integrity": "sha512-3sUqbMEc77XqpdNO7FRyRog+eW3ph+GYCbj+rK+uYyRMuwsVy0rMiVtPn+QJlKFvWP/1PYpapqYn0Me2knFn+A=="
    },
    "detect-libc@2.0.4": {
      "integrity": "sha512-3UDv+G9CsCKO1WKMGw9fwq/SWJYbI0c5Y7LU1AXYoDdbhE2AHQ6N6Nb34sG8Fj7T5APy8qXDCKuuIHd1BR0tVA=="
    },
    "devalue@5.1.1": {
      "integrity": "sha512-maua5KUiapvEwiEAe+XnlZ3Rh0GD+qI1J/nb9vrJc3muPXvcF/8gXYTWF76+5DAqHyDUtOIImEuo0YKE9mshVw=="
    },
    "enhanced-resolve@5.18.1": {
      "integrity": "sha512-ZSW3ma5GkcQBIpwZTSRAI8N71Uuwgs93IezB7mf7R60tC8ZbJideoDNKjHn2O9KIlx6rkGTTEk1xUCK2E1Y2Yg==",
      "dependencies": [
        "graceful-fs",
        "tapable"
      ]
    },
    "esbuild@0.21.5": {
      "integrity": "sha512-mg3OPMV4hXywwpoDxu3Qda5xCKQi+vCTZq8S9J/EpkhB2HzKXq4SNFZE3+NK93JYxc8VMSep+lOUSC/RVKaBqw==",
      "dependencies": [
        "@esbuild/aix-ppc64",
        "@esbuild/android-arm",
        "@esbuild/android-arm64",
        "@esbuild/android-x64",
        "@esbuild/darwin-arm64",
        "@esbuild/darwin-x64",
        "@esbuild/freebsd-arm64",
        "@esbuild/freebsd-x64",
        "@esbuild/linux-arm",
        "@esbuild/linux-arm64",
        "@esbuild/linux-ia32",
        "@esbuild/linux-loong64",
        "@esbuild/linux-mips64el",
        "@esbuild/linux-ppc64",
        "@esbuild/linux-riscv64",
        "@esbuild/linux-s390x",
        "@esbuild/linux-x64",
        "@esbuild/netbsd-x64",
        "@esbuild/openbsd-x64",
        "@esbuild/sunos-x64",
        "@esbuild/win32-arm64",
        "@esbuild/win32-ia32",
        "@esbuild/win32-x64"
      ]
    },
    "esm-env@1.1.4": {
      "integrity": "sha512-oO82nKPHKkzIj/hbtuDYy/JHqBHFlMIW36SDiPCVsj87ntDLcWN+sJ1erdVryd4NxODacFTsdrIE3b7IamqbOg=="
    },
    "esm-env@1.2.2": {
      "integrity": "sha512-Epxrv+Nr/CaL4ZcFGPJIYLWFom+YeV1DqMLHJoEd9SYRxNbaFruBwfEX/kkHUJf55j2+TUbmDcmuilbP1TmXHA=="
    },
    "esrap@1.2.2": {
      "integrity": "sha512-F2pSJklxx1BlQIQgooczXCPHmcWpn6EsP5oo73LQfonG9fIlIENQ8vMmfGXeojP9MrkzUNAfyU5vdFlR9shHAw==",
      "dependencies": [
        "@jridgewell/sourcemap-codec",
        "@types/estree"
      ]
    },
    "esrap@1.4.6": {
      "integrity": "sha512-F/D2mADJ9SHY3IwksD4DAXjTt7qt7GWUf3/8RhCNWmC/67tyb55dpimHmy7EplakFaflV0R/PC+fdSPqrRHAQw==",
      "dependencies": [
        "@jridgewell/sourcemap-codec"
      ]
    },
    "fsevents@2.3.3": {
      "integrity": "sha512-5xoDfX+fL7faATnagmWPpbFtwh/R77WmMMqqHGS65C3vvB0YHrgF+B1YmZ3441tMj5n63k0212XNoJwzlhffQw=="
    },
    "globalyzer@0.1.0": {
      "integrity": "sha512-40oNTM9UfG6aBmuKxk/giHn5nQ8RVz/SS4Ir6zgzOv9/qC3kKZ9v4etGTcJbEl/NyVQH7FGU7d+X1egr57Md2Q=="
    },
    "globrex@0.1.2": {
      "integrity": "sha512-uHJgbwAMwNFf5mLst7IWLNg14x1CkeqglJb/K3doi4dw6q2IvAAmM/Y81kevy83wP+Sst+nutFTYOGg3d1lsxg=="
    },
    "graceful-fs@4.2.11": {
      "integrity": "sha512-RbJ5/jmFcNNCcDV5o9eTnBLJ/HszWV0P73bc+Ff4nS/rJj+YaS6IGyiOL0VoBYX+l1Wrl3k63h/KrH+nhJ0XvQ=="
    },
    "import-meta-resolve@4.1.0": {
      "integrity": "sha512-I6fiaX09Xivtk+THaMfAwnA3MVA5Big1WHF1Dfx9hFuvNIWpXnorlkzhcQf6ehrqQiiZECRt1poOAkPmer3ruw=="
    },
    "is-reference@3.0.2": {
      "integrity": "sha512-v3rht/LgVcsdZa3O2Nqs+NMowLOxeOm7Ay9+/ARQ2F+qEoANRcqrjAZKGN0v8ymUetZGgkp26LTnGT7H0Qo9Pg==",
      "dependencies": [
        "@types/estree"
      ]
    },
    "is-reference@3.0.3": {
      "integrity": "sha512-ixkJoqQvAP88E6wLydLGGqCJsrFUnqoH6HnaczB8XmDH1oaWU+xxdptvikTgaEhtZ53Ky6YXiBuUI2WXLMCwjw==",
      "dependencies": [
        "@types/estree"
      ]
    },
    "jiti@2.4.2": {
      "integrity": "sha512-rg9zJN+G4n2nfJl5MW3BMygZX56zKPNVEYYqq7adpmMh4Jn2QNEwhvQlFy6jPVdcod7txZtKHWnyZiA3a0zP7A=="
    },
    "kleur@4.1.5": {
      "integrity": "sha512-o+NO+8WrRiQEE4/7nwRJhN1HWpVmJm511pBHUxPLtp0BUISzlBplORYSmTclCnJvQq2tKu/sgl3xVpkc7ZWuQQ=="
    },
    "lightningcss-darwin-arm64@1.30.1": {
      "integrity": "sha512-c8JK7hyE65X1MHMN+Viq9n11RRC7hgin3HhYKhrMyaXflk5GVplZ60IxyoVtzILeKr+xAJwg6zK6sjTBJ0FKYQ=="
    },
    "lightningcss-darwin-x64@1.30.1": {
      "integrity": "sha512-k1EvjakfumAQoTfcXUcHQZhSpLlkAuEkdMBsI/ivWw9hL+7FtilQc0Cy3hrx0AAQrVtQAbMI7YjCgYgvn37PzA=="
    },
    "lightningcss-freebsd-x64@1.30.1": {
      "integrity": "sha512-kmW6UGCGg2PcyUE59K5r0kWfKPAVy4SltVeut+umLCFoJ53RdCUWxcRDzO1eTaxf/7Q2H7LTquFHPL5R+Gjyig=="
    },
    "lightningcss-linux-arm-gnueabihf@1.30.1": {
      "integrity": "sha512-MjxUShl1v8pit+6D/zSPq9S9dQ2NPFSQwGvxBCYaBYLPlCWuPh9/t1MRS8iUaR8i+a6w7aps+B4N0S1TYP/R+Q=="
    },
    "lightningcss-linux-arm64-gnu@1.30.1": {
      "integrity": "sha512-gB72maP8rmrKsnKYy8XUuXi/4OctJiuQjcuqWNlJQ6jZiWqtPvqFziskH3hnajfvKB27ynbVCucKSm2rkQp4Bw=="
    },
    "lightningcss-linux-arm64-musl@1.30.1": {
      "integrity": "sha512-jmUQVx4331m6LIX+0wUhBbmMX7TCfjF5FoOH6SD1CttzuYlGNVpA7QnrmLxrsub43ClTINfGSYyHe2HWeLl5CQ=="
    },
    "lightningcss-linux-x64-gnu@1.30.1": {
      "integrity": "sha512-piWx3z4wN8J8z3+O5kO74+yr6ze/dKmPnI7vLqfSqI8bccaTGY5xiSGVIJBDd5K5BHlvVLpUB3S2YCfelyJ1bw=="
    },
    "lightningcss-linux-x64-musl@1.30.1": {
      "integrity": "sha512-rRomAK7eIkL+tHY0YPxbc5Dra2gXlI63HL+v1Pdi1a3sC+tJTcFrHX+E86sulgAXeI7rSzDYhPSeHHjqFhqfeQ=="
    },
    "lightningcss-win32-arm64-msvc@1.30.1": {
      "integrity": "sha512-mSL4rqPi4iXq5YVqzSsJgMVFENoa4nGTT/GjO2c0Yl9OuQfPsIfncvLrEW6RbbB24WtZ3xP/2CCmI3tNkNV4oA=="
    },
    "lightningcss-win32-x64-msvc@1.30.1": {
      "integrity": "sha512-PVqXh48wh4T53F/1CCu8PIPCxLzWyCnn/9T5W1Jpmdy5h9Cwd+0YQS6/LwhHXSafuc61/xg9Lv5OrCby6a++jg=="
    },
    "lightningcss@1.30.1": {
      "integrity": "sha512-xi6IyHML+c9+Q3W0S4fCQJOym42pyurFiJUHEcEyHS0CeKzia4yZDEsLlqOFykxOdHpNy0NmvVO31vcSqAxJCg==",
      "dependencies": [
        "detect-libc",
        "lightningcss-darwin-arm64",
        "lightningcss-darwin-x64",
        "lightningcss-freebsd-x64",
        "lightningcss-linux-arm-gnueabihf",
        "lightningcss-linux-arm64-gnu",
        "lightningcss-linux-arm64-musl",
        "lightningcss-linux-x64-gnu",
        "lightningcss-linux-x64-musl",
        "lightningcss-win32-arm64-msvc",
        "lightningcss-win32-x64-msvc"
      ]
    },
    "locate-character@3.0.0": {
      "integrity": "sha512-SW13ws7BjaeJ6p7Q6CO2nchbYEc3X3J6WrmTTDto7yMPqVSZTUyY5Tjbid+Ab8gLnATtygYtiDIJGQRRn2ZOiA=="
    },
    "magic-string@0.30.12": {
      "integrity": "sha512-Ea8I3sQMVXr8JhN4z+H/d8zwo+tYDgHE9+5G4Wnrwhs0gaK9fXTKx0Tw5Xwsd/bCPTTZNRAdpyzvoeORe9LYpw==",
      "dependencies": [
        "@jridgewell/sourcemap-codec"
      ]
    },
    "magic-string@0.30.17": {
      "integrity": "sha512-sNPKHvyjVf7gyjwS4xGTaW/mCnF8wnjtifKBEhxfZ7E/S8tQ0rssrwGNn6q8JH/ohItJfSQp9mBtQYuTlH5QnA==",
      "dependencies": [
        "@jridgewell/sourcemap-codec"
      ]
    },
    "mini-svg-data-uri@1.4.4": {
      "integrity": "sha512-r9deDe9p5FJUPZAk3A59wGH7Ii9YrjjWw0jmw/liSbHl2CHiyXj6FcDXDu2K3TjVAXqiJdaw3xxwlZZr9E6nHg=="
    },
    "minipass@7.1.2": {
      "integrity": "sha512-qOOzS1cBTWYF4BH8fVePDBOO9iptMnGUEZwNc/cMWnTV2nVLZ7VoNWEPHkYczZA0pdoA7dl6e7FL659nX9S2aw=="
    },
    "minizlib@3.0.2": {
      "integrity": "sha512-oG62iEk+CYt5Xj2YqI5Xi9xWUeZhDI8jjQmC5oThVH5JGCTgIjr7ciJDzC7MBzYd//WvR1OTmP5Q38Q8ShQtVA==",
      "dependencies": [
        "minipass"
      ]
    },
    "mkdirp@3.0.1": {
      "integrity": "sha512-+NsyUUAZDmo6YVHzL/stxSu3t9YS1iljliy3BSDrXJ/dkn1KYdmtZODGGjLcc9XLgVVpH4KshHB8XmZgMhaBXg=="
    },
    "mri@1.2.0": {
      "integrity": "sha512-tzzskb3bG8LvYGFF/mDTpq3jpI6Q9wc3LEmBaghu+DdCssd1FakN7Bc0hVNmEyGq1bq3RgfkCb3cmQLpNPOroA=="
    },
    "mrmime@2.0.0": {
      "integrity": "sha512-eu38+hdgojoyq63s+yTpN4XMBdt5l8HhMhc4VKLO9KM5caLIBvUm4thi7fFaxyTmCKeNnXZ5pAlBwCUnhA09uw=="
    },
    "ms@2.1.3": {
      "integrity": "sha512-6FlzubTLZG3J2a/NVCAleEhjzq5oxgHyaCU9yYXvcLsvoVaHJq/s5xXI6/XXP6tz7R9xAOtHnSO/tXtF3WRTlA=="
    },
    "nanoid@3.3.7": {
      "integrity": "sha512-eSRppjcPIatRIMC1U6UngP8XFcz8MQWGQdt1MTBQ7NaAmvXDfvNxbvWV3x2y6CdEUciCSsDHDQZbhYaB8QEo2g=="
    },
    "picocolors@1.1.1": {
      "integrity": "sha512-xceH2snhtb5M9liqDsmEw56le376mTZkEX/jEb/RxNFyegNul7eNslCXP9FDj/Lcu0X8KEyMceP2ntpaHrDEVA=="
    },
    "postcss@8.4.47": {
      "integrity": "sha512-56rxCq7G/XfB4EkXq9Egn5GCqugWvDFjafDOThIdMBsI15iqPqR5r15TfSr1YPYeEI19YeaXMCbY6u88Y76GLQ==",
      "dependencies": [
        "nanoid",
        "picocolors",
        "source-map-js"
      ]
    },
    "proxy-compare@3.0.1": {
      "integrity": "sha512-V9plBAt3qjMlS1+nC8771KNf6oJ12gExvaxnNzN/9yVRLdTv/lc+oJlnSzrdYDAvBfTStPCoiaCOTmTs0adv7Q=="
    },
    "rollup@4.24.3": {
      "integrity": "sha512-HBW896xR5HGmoksbi3JBDtmVzWiPAYqp7wip50hjQ67JbDz61nyoMPdqu1DvVW9asYb2M65Z20ZHsyJCMqMyDg==",
      "dependencies": [
        "@rollup/rollup-android-arm-eabi",
        "@rollup/rollup-android-arm64",
        "@rollup/rollup-darwin-arm64",
        "@rollup/rollup-darwin-x64",
        "@rollup/rollup-freebsd-arm64",
        "@rollup/rollup-freebsd-x64",
        "@rollup/rollup-linux-arm-gnueabihf",
        "@rollup/rollup-linux-arm-musleabihf",
        "@rollup/rollup-linux-arm64-gnu",
        "@rollup/rollup-linux-arm64-musl",
        "@rollup/rollup-linux-powerpc64le-gnu",
        "@rollup/rollup-linux-riscv64-gnu",
        "@rollup/rollup-linux-s390x-gnu",
        "@rollup/rollup-linux-x64-gnu",
        "@rollup/rollup-linux-x64-musl",
        "@rollup/rollup-win32-arm64-msvc",
        "@rollup/rollup-win32-ia32-msvc",
        "@rollup/rollup-win32-x64-msvc",
        "@types/estree",
        "fsevents"
      ]
    },
    "sade@1.8.1": {
      "integrity": "sha512-xal3CZX1Xlo/k4ApwCFrHVACi9fBqJ7V+mwhBsuf/1IOKbBy098Fex+Wa/5QMubw09pSZ/u8EY8PWgevJsXp1A==",
      "dependencies": [
        "mri"
      ]
    },
    "set-cookie-parser@2.7.1": {
      "integrity": "sha512-IOc8uWeOZgnb3ptbCURJWNjWUPcO3ZnTTdzsurqERrP6nPyv+paC55vJM0LpOlT2ne+Ix+9+CRG1MNLlyZ4GjQ=="
    },
    "sirv@3.0.0": {
      "integrity": "sha512-BPwJGUeDaDCHihkORDchNyyTvWFhcusy1XMmhEVTQTwGeybFbp8YEmB+njbPnth1FibULBSBVwCQni25XlCUDg==",
      "dependencies": [
        "@polka/url",
        "mrmime",
        "totalist"
      ]
    },
    "source-map-js@1.2.1": {
      "integrity": "sha512-UXWMKhLOwVKb728IUtQPXxfYU+usdybtUrK/8uGE8CQMvrhOpwvzDBwj0QhSL7MQc7vIsISBG8VQ8+IDQxpfQA=="
    },
    "svelte@5.1.6_acorn@8.14.0": {
      "integrity": "sha512-bYS/DpkqXk0j5UZgiNXrEjZYPRZ4Ncd87w4KUSbcZGyojA0+i/Ls9OGUjETHmdLe8RcQ0G8SX/T0PypPpAA/ew==",
      "dependencies": [
        "@ampproject/remapping",
        "@jridgewell/sourcemap-codec",
        "@types/estree",
        "acorn",
        "acorn-typescript",
        "aria-query",
        "axobject-query",
        "esm-env@1.1.4",
        "esrap@1.2.2",
        "is-reference@3.0.2",
        "locate-character",
        "magic-string@0.30.12",
        "zimmerframe"
      ]
    },
    "svelte@5.33.1_acorn@8.14.0": {
      "integrity": "sha512-7znzaaQALL62NBzkdKV04tmYIVla8qjrW+k6GdgFZcKcj8XOb8iEjmfRPo40iaWZlKv3+uiuc0h4iaGgwoORtA==",
      "dependencies": [
        "@ampproject/remapping",
        "@jridgewell/sourcemap-codec",
        "@sveltejs/acorn-typescript",
        "@types/estree",
        "acorn",
        "aria-query",
        "axobject-query",
        "clsx",
        "esm-env@1.2.2",
        "esrap@1.4.6",
        "is-reference@3.0.3",
        "locate-character",
        "magic-string@0.30.17",
        "zimmerframe"
      ]
    },
    "tailwindcss@4.1.7": {
      "integrity": "sha512-kr1o/ErIdNhTz8uzAYL7TpaUuzKIE6QPQ4qmSdxnoX/lo+5wmUHQA6h3L5yIqEImSRnAAURDirLu/BgiXGPAhg=="
    },
    "tapable@2.2.2": {
      "integrity": "sha512-Re10+NauLTMCudc7T5WLFLAwDhQ0JWdrMK+9B2M8zR5hRExKmsRDCBA7/aV/pNJFltmBFO5BAMlQFi/vq3nKOg=="
    },
    "tar@7.4.3": {
      "integrity": "sha512-5S7Va8hKfV7W5U6g3aYxXmlPoZVAwUMy9AOKyF2fVuZa2UD3qZjg578OrLRt8PcNN1PleVaL/5/yYATNL0ICUw==",
      "dependencies": [
        "@isaacs/fs-minipass",
        "chownr",
        "minipass",
        "minizlib",
        "mkdirp",
        "yallist"
      ]
    },
    "tiny-glob@0.2.9": {
      "integrity": "sha512-g/55ssRPUjShh+xkfx9UPDXqhckHEsHr4Vd9zX55oSdGZc/MD0m3sferOkwWtp98bv+kcVfEHtRJgBVJzelrzg==",
      "dependencies": [
        "globalyzer",
        "globrex"
      ]
    },
    "totalist@3.0.1": {
      "integrity": "sha512-sf4i37nQ2LBx4m3wB74y+ubopq6W/dIzXg0FDGjsYnZHVa1Da8FH853wlL2gtUhg+xJXjfk3kUZS3BRoQeoQBQ=="
    },
    "tslib@2.8.1": {
      "integrity": "sha512-oJFu94HQb+KVduSUQL7wnpmqnfmLsOA/nAh6b6EH0wCEoK0/mPeXU6c3wKDV83MkOuHPRHtSXKKU99IBazS/2w=="
    },
    "vite@5.4.10": {
      "integrity": "sha512-1hvaPshuPUtxeQ0hsVH3Mud0ZanOLwVTneA1EgbAM5LhaZEqyPWGRQ7BtaMvUrTDeEaC8pxtj6a6jku3x4z6SQ==",
      "dependencies": [
        "esbuild",
        "fsevents",
        "postcss",
        "rollup"
      ]
    },
    "vitefu@1.0.3_vite@5.4.10": {
      "integrity": "sha512-iKKfOMBHob2WxEJbqbJjHAkmYgvFDPhuqrO82om83S8RLk+17FtyMBfcyeH8GqD0ihShtkMW/zzJgiA51hCNCQ==",
      "dependencies": [
        "vite"
      ]
    },
    "yallist@5.0.0": {
      "integrity": "sha512-YgvUTfwqyc7UXVMrB+SImsVYSmTS8X/tSrtdNZMImM+n7+QTriRXyXim0mBrTXNeqzVF0KWGgHPeiyViFFrNDw=="
    },
    "zimmerframe@1.1.2": {
      "integrity": "sha512-rAbqEGa8ovJy4pyBxZM70hg4pE6gDgaQ0Sl9M3enG3I0d6H4XSAM3GeNGLKnsBpuijUow064sf7ww1nutC5/3w=="
    }
  },
  "workspace": {
    "packageJson": {
      "dependencies": [
        "npm:@skeletonlabs/skeleton-svelte@^1.0.0-next.22",
        "npm:@skeletonlabs/skeleton@^3.0.0-next.13",
        "npm:@sveltejs/adapter-auto@3",
        "npm:@sveltejs/adapter-static@3",
        "npm:@sveltejs/kit@2",
        "npm:@sveltejs/vite-plugin-svelte@4",
        "npm:@tailwindcss/forms@~0.5.10",
        "npm:@tailwindcss/vite@^4.1.7",
        "npm:svelte@5",
        "npm:tailwindcss@^4.1.7",
        "npm:vite@^5.0.3"
      ]
    }
  }
}
